// !$*UTF8*$!
{
	archiveVersion = 1;
	classes = {
	};
	objectVersion = 46;
	objects = {

/* Begin PBXBuildFile section */
		3363E6C31EB33A9100B35354 /* main.m in Sources */ = {isa = PBXBuildFile; fileRef = 3363E6C21EB33A9100B35354 /* main.m */; };
		3363E6C61EB33A9100B35354 /* AppDelegate.m in Sources */ = {isa = PBXBuildFile; fileRef = 3363E6C51EB33A9100B35354 /* AppDelegate.m */; };
		3363E6C91EB33A9100B35354 /* TotalViewController.m in Sources */ = {isa = PBXBuildFile; fileRef = 3363E6C81EB33A9100B35354 /* TotalViewController.m */; };
		3363E6CC1EB33A9100B35354 /* FinishViewController.m in Sources */ = {isa = PBXBuildFile; fileRef = 3363E6CB1EB33A9100B35354 /* FinishViewController.m */; };
		3363E6CF1EB33A9100B35354 /* Main.storyboard in Resources */ = {isa = PBXBuildFile; fileRef = 3363E6CD1EB33A9100B35354 /* Main.storyboard */; };
		3363E6D11EB33A9100B35354 /* Images.xcassets in Resources */ = {isa = PBXBuildFile; fileRef = 3363E6D01EB33A9100B35354 /* Images.xcassets */; };
		3363E6D41EB33A9100B35354 /* LaunchScreen.xib in Resources */ = {isa = PBXBuildFile; fileRef = 3363E6D21EB33A9100B35354 /* LaunchScreen.xib */; };
		3363E6E01EB33A9100B35354 /* FoodListTests.m in Sources */ = {isa = PBXBuildFile; fileRef = 3363E6DF1EB33A9100B35354 /* FoodListTests.m */; };
		33A14AA51EB386DF00419F84 /* NewViewController.m in Sources */ = {isa = PBXBuildFile; fileRef = 33A14AA41EB386DF00419F84 /* NewViewController.m */; };
		33A14AAB1EB480AA00419F84 /* LeftViewController.m in Sources */ = {isa = PBXBuildFile; fileRef = 33A14AAA1EB480AA00419F84 /* LeftViewController.m */; };
		33A14AAF1EB6D19B00419F84 /* ListGroup.m in Sources */ = {isa = PBXBuildFile; fileRef = 33A14AAE1EB6D19B00419F84 /* ListGroup.m */; };
		33A14AB21EB6D20700419F84 /* LeaveOne.m in Sources */ = {isa = PBXBuildFile; fileRef = 33A14AB11EB6D20700419F84 /* LeaveOne.m */; };
		33A14AB51EB6D22500419F84 /* LeaveTwo.m in Sources */ = {isa = PBXBuildFile; fileRef = 33A14AB41EB6D22500419F84 /* LeaveTwo.m */; };
		33A14AB81EB6D24D00419F84 /* ProductUnit.m in Sources */ = {isa = PBXBuildFile; fileRef = 33A14AB71EB6D24D00419F84 /* ProductUnit.m */; };
		33A14ABB1EB6D26D00419F84 /* ListItem.m in Sources */ = {isa = PBXBuildFile; fileRef = 33A14ABA1EB6D26D00419F84 /* ListItem.m */; };
		33A14ABD1EB7803700419F84 /* libsqlite3.dylib in Frameworks */ = {isa = PBXBuildFile; fileRef = 33A14ABC1EB7803700419F84 /* libsqlite3.dylib */; };
		33A14AC11EB780B200419F84 /* ListGroupDao.m in Sources */ = {isa = PBXBuildFile; fileRef = 33A14AC01EB780B200419F84 /* ListGroupDao.m */; };
		92154D17EBE011FADA184320 /* libPods-FoodList.a in Frameworks */ = {isa = PBXBuildFile; fileRef = CCC1A19909782D772F8E7890 /* libPods-FoodList.a */; };
/* End PBXBuildFile section */

/* Begin PBXContainerItemProxy section */
		3363E6DA1EB33A9100B35354 /* PBXContainerItemProxy */ = {
			isa = PBXContainerItemProxy;
			containerPortal = 3363E6B51EB33A9100B35354 /* Project object */;
			proxyType = 1;
			remoteGlobalIDString = 3363E6BC1EB33A9100B35354;
			remoteInfo = FoodList;
		};
/* End PBXContainerItemProxy section */

/* Begin PBXFileReference section */
		3363E6BD1EB33A9100B35354 /* FoodList.app */ = {isa = PBXFileReference; explicitFileType = wrapper.application; includeInIndex = 0; path = FoodList.app; sourceTree = BUILT_PRODUCTS_DIR; };
		3363E6C11EB33A9100B35354 /* Info.plist */ = {isa = PBXFileReference; lastKnownFileType = text.plist.xml; path = Info.plist; sourceTree = "<group>"; };
		3363E6C21EB33A9100B35354 /* main.m */ = {isa = PBXFileReference; lastKnownFileType = sourcecode.c.objc; path = main.m; sourceTree = "<group>"; };
		3363E6C41EB33A9100B35354 /* AppDelegate.h */ = {isa = PBXFileReference; lastKnownFileType = sourcecode.c.h; path = AppDelegate.h; sourceTree = "<group>"; };
		3363E6C51EB33A9100B35354 /* AppDelegate.m */ = {isa = PBXFileReference; lastKnownFileType = sourcecode.c.objc; path = AppDelegate.m; sourceTree = "<group>"; };
		3363E6C71EB33A9100B35354 /* TotalViewController.h */ = {isa = PBXFileReference; lastKnownFileType = sourcecode.c.h; path = TotalViewController.h; sourceTree = "<group>"; };
		3363E6C81EB33A9100B35354 /* TotalViewController.m */ = {isa = PBXFileReference; lastKnownFileType = sourcecode.c.objc; path = TotalViewController.m; sourceTree = "<group>"; };
		3363E6CA1EB33A9100B35354 /* FinishViewController.h */ = {isa = PBXFileReference; lastKnownFileType = sourcecode.c.h; path = FinishViewController.h; sourceTree = "<group>"; };
		3363E6CB1EB33A9100B35354 /* FinishViewController.m */ = {isa = PBXFileReference; lastKnownFileType = sourcecode.c.objc; path = FinishViewController.m; sourceTree = "<group>"; };
		3363E6CE1EB33A9100B35354 /* Base */ = {isa = PBXFileReference; lastKnownFileType = file.storyboard; name = Base; path = Base.lproj/Main.storyboard; sourceTree = "<group>"; };
		3363E6D01EB33A9100B35354 /* Images.xcassets */ = {isa = PBXFileReference; lastKnownFileType = folder.assetcatalog; path = Images.xcassets; sourceTree = "<group>"; };
		3363E6D31EB33A9100B35354 /* Base */ = {isa = PBXFileReference; lastKnownFileType = file.xib; name = Base; path = Base.lproj/LaunchScreen.xib; sourceTree = "<group>"; };
		3363E6D91EB33A9100B35354 /* FoodListTests.xctest */ = {isa = PBXFileReference; explicitFileType = wrapper.cfbundle; includeInIndex = 0; path = FoodListTests.xctest; sourceTree = BUILT_PRODUCTS_DIR; };
		3363E6DE1EB33A9100B35354 /* Info.plist */ = {isa = PBXFileReference; lastKnownFileType = text.plist.xml; path = Info.plist; sourceTree = "<group>"; };
		3363E6DF1EB33A9100B35354 /* FoodListTests.m */ = {isa = PBXFileReference; lastKnownFileType = sourcecode.c.objc; path = FoodListTests.m; sourceTree = "<group>"; };
		33A14AA31EB386DF00419F84 /* NewViewController.h */ = {isa = PBXFileReference; fileEncoding = 4; lastKnownFileType = sourcecode.c.h; path = NewViewController.h; sourceTree = "<group>"; };
		33A14AA41EB386DF00419F84 /* NewViewController.m */ = {isa = PBXFileReference; fileEncoding = 4; lastKnownFileType = sourcecode.c.objc; path = NewViewController.m; sourceTree = "<group>"; };
		33A14AA91EB480AA00419F84 /* LeftViewController.h */ = {isa = PBXFileReference; fileEncoding = 4; lastKnownFileType = sourcecode.c.h; path = LeftViewController.h; sourceTree = "<group>"; };
		33A14AAA1EB480AA00419F84 /* LeftViewController.m */ = {isa = PBXFileReference; fileEncoding = 4; lastKnownFileType = sourcecode.c.objc; path = LeftViewController.m; sourceTree = "<group>"; };
		33A14AAC1EB48B5B00419F84 /* pp.pch */ = {isa = PBXFileReference; fileEncoding = 4; lastKnownFileType = sourcecode.c.h; name = pp.pch; path = ../pp.pch; sourceTree = "<group>"; };
		33A14AAD1EB6D19B00419F84 /* ListGroup.h */ = {isa = PBXFileReference; fileEncoding = 4; lastKnownFileType = sourcecode.c.h; path = ListGroup.h; sourceTree = "<group>"; };
		33A14AAE1EB6D19B00419F84 /* ListGroup.m */ = {isa = PBXFileReference; fileEncoding = 4; lastKnownFileType = sourcecode.c.objc; path = ListGroup.m; sourceTree = "<group>"; };
		33A14AB01EB6D20700419F84 /* LeaveOne.h */ = {isa = PBXFileReference; fileEncoding = 4; lastKnownFileType = sourcecode.c.h; path = LeaveOne.h; sourceTree = "<group>"; };
		33A14AB11EB6D20700419F84 /* LeaveOne.m */ = {isa = PBXFileReference; fileEncoding = 4; lastKnownFileType = sourcecode.c.objc; path = LeaveOne.m; sourceTree = "<group>"; };
		33A14AB31EB6D22500419F84 /* LeaveTwo.h */ = {isa = PBXFileReference; fileEncoding = 4; lastKnownFileType = sourcecode.c.h; path = LeaveTwo.h; sourceTree = "<group>"; };
		33A14AB41EB6D22500419F84 /* LeaveTwo.m */ = {isa = PBXFileReference; fileEncoding = 4; lastKnownFileType = sourcecode.c.objc; path = LeaveTwo.m; sourceTree = "<group>"; };
		33A14AB61EB6D24D00419F84 /* ProductUnit.h */ = {isa = PBXFileReference; fileEncoding = 4; lastKnownFileType = sourcecode.c.h; path = ProductUnit.h; sourceTree = "<group>"; };
		33A14AB71EB6D24D00419F84 /* ProductUnit.m */ = {isa = PBXFileReference; fileEncoding = 4; lastKnownFileType = sourcecode.c.objc; path = ProductUnit.m; sourceTree = "<group>"; };
		33A14AB91EB6D26D00419F84 /* ListItem.h */ = {isa = PBXFileReference; fileEncoding = 4; lastKnownFileType = sourcecode.c.h; path = ListItem.h; sourceTree = "<group>"; };
		33A14ABA1EB6D26D00419F84 /* ListItem.m */ = {isa = PBXFileReference; fileEncoding = 4; lastKnownFileType = sourcecode.c.objc; path = ListItem.m; sourceTree = "<group>"; };
		33A14ABC1EB7803700419F84 /* libsqlite3.dylib */ = {isa = PBXFileReference; lastKnownFileType = "compiled.mach-o.dylib"; name = libsqlite3.dylib; path = usr/lib/libsqlite3.dylib; sourceTree = SDKROOT; };
		33A14ABF1EB780B200419F84 /* ListGroupDao.h */ = {isa = PBXFileReference; fileEncoding = 4; lastKnownFileType = sourcecode.c.h; path = ListGroupDao.h; sourceTree = "<group>"; };
		33A14AC01EB780B200419F84 /* ListGroupDao.m */ = {isa = PBXFileReference; fileEncoding = 4; lastKnownFileType = sourcecode.c.objc; path = ListGroupDao.m; sourceTree = "<group>"; };
		3DDDE2AEFE4A684DC8D320F7 /* Pods-FoodList.release.xcconfig */ = {isa = PBXFileReference; includeInIndex = 1; lastKnownFileType = text.xcconfig; name = "Pods-FoodList.release.xcconfig"; path = "Pods/Target Support Files/Pods-FoodList/Pods-FoodList.release.xcconfig"; sourceTree = "<group>"; };
		AE87C2FF6E01AEB4D6ABA002 /* Pods-FoodList.debug.xcconfig */ = {isa = PBXFileReference; includeInIndex = 1; lastKnownFileType = text.xcconfig; name = "Pods-FoodList.debug.xcconfig"; path = "Pods/Target Support Files/Pods-FoodList/Pods-FoodList.debug.xcconfig"; sourceTree = "<group>"; };
		CCC1A19909782D772F8E7890 /* libPods-FoodList.a */ = {isa = PBXFileReference; explicitFileType = archive.ar; includeInIndex = 0; path = "libPods-FoodList.a"; sourceTree = BUILT_PRODUCTS_DIR; };
/* End PBXFileReference section */

/* Begin PBXFrameworksBuildPhase section */
		3363E6BA1EB33A9100B35354 /* Frameworks */ = {
			isa = PBXFrameworksBuildPhase;
			buildActionMask = 2147483647;
			files = (
				33A14ABD1EB7803700419F84 /* libsqlite3.dylib in Frameworks */,
				92154D17EBE011FADA184320 /* libPods-FoodList.a in Frameworks */,
			);
			runOnlyForDeploymentPostprocessing = 0;
		};
		3363E6D61EB33A9100B35354 /* Frameworks */ = {
			isa = PBXFrameworksBuildPhase;
			buildActionMask = 2147483647;
			files = (
			);
			runOnlyForDeploymentPostprocessing = 0;
		};
/* End PBXFrameworksBuildPhase section */

/* Begin PBXGroup section */
		3363E6B41EB33A9100B35354 = {
			isa = PBXGroup;
			children = (
				3363E6BF1EB33A9100B35354 /* FoodList */,
				3363E6DC1EB33A9100B35354 /* FoodListTests */,
				3363E6BE1EB33A9100B35354 /* Products */,
				EBE1CBDB136ACAE04AFF546D /* Pods */,
				CAA2749A8A1D259BDAD90A57 /* Frameworks */,
			);
			sourceTree = "<group>";
		};
		3363E6BE1EB33A9100B35354 /* Products */ = {
			isa = PBXGroup;
			children = (
				3363E6BD1EB33A9100B35354 /* FoodList.app */,
				3363E6D91EB33A9100B35354 /* FoodListTests.xctest */,
			);
			name = Products;
			sourceTree = "<group>";
		};
		3363E6BF1EB33A9100B35354 /* FoodList */ = {
			isa = PBXGroup;
			children = (
				33A14AA81EB3896300419F84 /* Controller */,
				33A14AA71EB3894C00419F84 /* View */,
				33A14ABE1EB7809400419F84 /* DAO */,
				33A14AA61EB3876100419F84 /* Model */,
				3363E6C41EB33A9100B35354 /* AppDelegate.h */,
				3363E6C51EB33A9100B35354 /* AppDelegate.m */,
				3363E6CD1EB33A9100B35354 /* Main.storyboard */,
				3363E6D01EB33A9100B35354 /* Images.xcassets */,
				3363E6D21EB33A9100B35354 /* LaunchScreen.xib */,
				33A14AAC1EB48B5B00419F84 /* pp.pch */,
				3363E6C01EB33A9100B35354 /* Supporting Files */,
			);
			path = FoodList;
			sourceTree = "<group>";
		};
		3363E6C01EB33A9100B35354 /* Supporting Files */ = {
			isa = PBXGroup;
			children = (
				3363E6C11EB33A9100B35354 /* Info.plist */,
				3363E6C21EB33A9100B35354 /* main.m */,
			);
			name = "Supporting Files";
			sourceTree = "<group>";
		};
		3363E6DC1EB33A9100B35354 /* FoodListTests */ = {
			isa = PBXGroup;
			children = (
				3363E6DF1EB33A9100B35354 /* FoodListTests.m */,
				3363E6DD1EB33A9100B35354 /* Supporting Files */,
			);
			path = FoodListTests;
			sourceTree = "<group>";
		};
		3363E6DD1EB33A9100B35354 /* Supporting Files */ = {
			isa = PBXGroup;
			children = (
				3363E6DE1EB33A9100B35354 /* Info.plist */,
			);
			name = "Supporting Files";
			sourceTree = "<group>";
		};
		33A14AA61EB3876100419F84 /* Model */ = {
			isa = PBXGroup;
			children = (
				33A14AB91EB6D26D00419F84 /* ListItem.h */,
				33A14ABA1EB6D26D00419F84 /* ListItem.m */,
				33A14AB61EB6D24D00419F84 /* ProductUnit.h */,
				33A14AB71EB6D24D00419F84 /* ProductUnit.m */,
				33A14AB31EB6D22500419F84 /* LeaveTwo.h */,
				33A14AB41EB6D22500419F84 /* LeaveTwo.m */,
				33A14AB01EB6D20700419F84 /* LeaveOne.h */,
				33A14AB11EB6D20700419F84 /* LeaveOne.m */,
				33A14AAD1EB6D19B00419F84 /* ListGroup.h */,
				33A14AAE1EB6D19B00419F84 /* ListGroup.m */,
			);
			name = Model;
			sourceTree = "<group>";
		};
		33A14AA71EB3894C00419F84 /* View */ = {
			isa = PBXGroup;
			children = (
			);
			name = View;
			sourceTree = "<group>";
		};
		33A14AA81EB3896300419F84 /* Controller */ = {
			isa = PBXGroup;
			children = (
				33A14AA91EB480AA00419F84 /* LeftViewController.h */,
				33A14AAA1EB480AA00419F84 /* LeftViewController.m */,
				33A14AA31EB386DF00419F84 /* NewViewController.h */,
				33A14AA41EB386DF00419F84 /* NewViewController.m */,
				3363E6C71EB33A9100B35354 /* TotalViewController.h */,
				3363E6C81EB33A9100B35354 /* TotalViewController.m */,
				3363E6CA1EB33A9100B35354 /* FinishViewController.h */,
				3363E6CB1EB33A9100B35354 /* FinishViewController.m */,
			);
			name = Controller;
			sourceTree = "<group>";
		};
		33A14ABE1EB7809400419F84 /* DAO */ = {
			isa = PBXGroup;
			children = (
				33A14ABF1EB780B200419F84 /* ListGroupDao.h */,
				33A14AC01EB780B200419F84 /* ListGroupDao.m */,
			);
			name = DAO;
			sourceTree = "<group>";
		};
		CAA2749A8A1D259BDAD90A57 /* Frameworks */ = {
			isa = PBXGroup;
			children = (
				33A14ABC1EB7803700419F84 /* libsqlite3.dylib */,
				CCC1A19909782D772F8E7890 /* libPods-FoodList.a */,
			);
			name = Frameworks;
			sourceTree = "<group>";
		};
		EBE1CBDB136ACAE04AFF546D /* Pods */ = {
			isa = PBXGroup;
			children = (
				AE87C2FF6E01AEB4D6ABA002 /* Pods-FoodList.debug.xcconfig */,
				3DDDE2AEFE4A684DC8D320F7 /* Pods-FoodList.release.xcconfig */,
			);
			name = Pods;
			sourceTree = "<group>";
		};
/* End PBXGroup section */

/* Begin PBXNativeTarget section */
		3363E6BC1EB33A9100B35354 /* FoodList */ = {
			isa = PBXNativeTarget;
			buildConfigurationList = 3363E6E31EB33A9100B35354 /* Build configuration list for PBXNativeTarget "FoodList" */;
			buildPhases = (
				A6455E12E521C8704D0FD8DF /* [CP] Check Pods Manifest.lock */,
				3363E6B91EB33A9100B35354 /* Sources */,
				3363E6BA1EB33A9100B35354 /* Frameworks */,
				3363E6BB1EB33A9100B35354 /* Resources */,
				311B29494A7EC3F47EB30512 /* [CP] Embed Pods Frameworks */,
				F339CABB1F580468FE82943D /* [CP] Copy Pods Resources */,
			);
			buildRules = (
			);
			dependencies = (
			);
			name = FoodList;
			productName = FoodList;
			productReference = 3363E6BD1EB33A9100B35354 /* FoodList.app */;
			productType = "com.apple.product-type.application";
		};
		3363E6D81EB33A9100B35354 /* FoodListTests */ = {
			isa = PBXNativeTarget;
			buildConfigurationList = 3363E6E61EB33A9100B35354 /* Build configuration list for PBXNativeTarget "FoodListTests" */;
			buildPhases = (
				3363E6D51EB33A9100B35354 /* Sources */,
				3363E6D61EB33A9100B35354 /* Frameworks */,
				3363E6D71EB33A9100B35354 /* Resources */,
			);
			buildRules = (
			);
			dependencies = (
				3363E6DB1EB33A9100B35354 /* PBXTargetDependency */,
			);
			name = FoodListTests;
			productName = FoodListTests;
			productReference = 3363E6D91EB33A9100B35354 /* FoodListTests.xctest */;
			productType = "com.apple.product-type.bundle.unit-test";
		};
/* End PBXNativeTarget section */

/* Begin PBXProject section */
		3363E6B51EB33A9100B35354 /* Project object */ = {
			isa = PBXProject;
			attributes = {
				LastUpgradeCheck = 0630;
				ORGANIZATIONNAME = LiQiwa;
				TargetAttributes = {
					3363E6BC1EB33A9100B35354 = {
						CreatedOnToolsVersion = 6.3.2;
					};
					3363E6D81EB33A9100B35354 = {
						CreatedOnToolsVersion = 6.3.2;
						TestTargetID = 3363E6BC1EB33A9100B35354;
					};
				};
			};
			buildConfigurationList = 3363E6B81EB33A9100B35354 /* Build configuration list for PBXProject "FoodList" */;
			compatibilityVersion = "Xcode 3.2";
			developmentRegion = English;
			hasScannedForEncodings = 0;
			knownRegions = (
				en,
				Base,
			);
			mainGroup = 3363E6B41EB33A9100B35354;
			productRefGroup = 3363E6BE1EB33A9100B35354 /* Products */;
			projectDirPath = "";
			projectRoot = "";
			targets = (
				3363E6BC1EB33A9100B35354 /* FoodList */,
				3363E6D81EB33A9100B35354 /* FoodListTests */,
			);
		};
/* End PBXProject section */

/* Begin PBXResourcesBuildPhase section */
		3363E6BB1EB33A9100B35354 /* Resources */ = {
			isa = PBXResourcesBuildPhase;
			buildActionMask = 2147483647;
			files = (
				3363E6CF1EB33A9100B35354 /* Main.storyboard in Resources */,
				3363E6D41EB33A9100B35354 /* LaunchScreen.xib in Resources */,
				3363E6D11EB33A9100B35354 /* Images.xcassets in Resources */,
			);
			runOnlyForDeploymentPostprocessing = 0;
		};
		3363E6D71EB33A9100B35354 /* Resources */ = {
			isa = PBXResourcesBuildPhase;
			buildActionMask = 2147483647;
			files = (
			);
			runOnlyForDeploymentPostprocessing = 0;
		};
/* End PBXResourcesBuildPhase section */

/* Begin PBXShellScriptBuildPhase section */
		311B29494A7EC3F47EB30512 /* [CP] Embed Pods Frameworks */ = {
			isa = PBXShellScriptBuildPhase;
			buildActionMask = 2147483647;
			files = (
			);
			inputPaths = (
			);
			name = "[CP] Embed Pods Frameworks";
			outputPaths = (
			);
			runOnlyForDeploymentPostprocessing = 0;
			shellPath = /bin/sh;
			shellScript = "\"${SRCROOT}/Pods/Target Support Files/Pods-FoodList/Pods-FoodList-frameworks.sh\"\n";
			showEnvVarsInLog = 0;
		};
		A6455E12E521C8704D0FD8DF /* [CP] Check Pods Manifest.lock */ = {
			isa = PBXShellScriptBuildPhase;
			buildActionMask = 2147483647;
			files = (
			);
			inputPaths = (
			);
			name = "[CP] Check Pods Manifest.lock";
			outputPaths = (
			);
			runOnlyForDeploymentPostprocessing = 0;
			shellPath = /bin/sh;
			shellScript = "diff \"${PODS_ROOT}/../Podfile.lock\" \"${PODS_ROOT}/Manifest.lock\" > /dev/null\nif [ $? != 0 ] ; then\n    # print error to STDERR\n    echo \"error: The sandbox is not in sync with the Podfile.lock. Run 'pod install' or update your CocoaPods installation.\" >&2\n    exit 1\nfi\n";
			showEnvVarsInLog = 0;
		};
		F339CABB1F580468FE82943D /* [CP] Copy Pods Resources */ = {
			isa = PBXShellScriptBuildPhase;
			buildActionMask = 2147483647;
			files = (
			);
			inputPaths = (
			);
			name = "[CP] Copy Pods Resources";
			outputPaths = (
			);
			runOnlyForDeploymentPostprocessing = 0;
			shellPath = /bin/sh;
			shellScript = "\"${SRCROOT}/Pods/Target Support Files/Pods-FoodList/Pods-FoodList-resources.sh\"\n";
			showEnvVarsInLog = 0;
		};
/* End PBXShellScriptBuildPhase section */

/* Begin PBXSourcesBuildPhase section */
		3363E6B91EB33A9100B35354 /* Sources */ = {
			isa = PBXSourcesBuildPhase;
			buildActionMask = 2147483647;
			files = (
				3363E6CC1EB33A9100B35354 /* FinishViewController.m in Sources */,
				33A14AB81EB6D24D00419F84 /* ProductUnit.m in Sources */,
				33A14ABB1EB6D26D00419F84 /* ListItem.m in Sources */,
				3363E6C61EB33A9100B35354 /* AppDelegate.m in Sources */,
				33A14AA51EB386DF00419F84 /* NewViewController.m in Sources */,
				33A14AAB1EB480AA00419F84 /* LeftViewController.m in Sources */,
				33A14AB21EB6D20700419F84 /* LeaveOne.m in Sources */,
				33A14AAF1EB6D19B00419F84 /* ListGroup.m in Sources */,
				3363E6C91EB33A9100B35354 /* TotalViewController.m in Sources */,
				33A14AB51EB6D22500419F84 /* LeaveTwo.m in Sources */,
				33A14AC11EB780B200419F84 /* ListGroupDao.m in Sources */,
				3363E6C31EB33A9100B35354 /* main.m in Sources */,
			);
			runOnlyForDeploymentPostprocessing = 0;
		};
		3363E6D51EB33A9100B35354 /* Sources */ = {
			isa = PBXSourcesBuildPhase;
			buildActionMask = 2147483647;
			files = (
				3363E6E01EB33A9100B35354 /* FoodListTests.m in Sources */,
			);
			runOnlyForDeploymentPostprocessing = 0;
		};
/* End PBXSourcesBuildPhase section */

/* Begin PBXTargetDependency section */
		3363E6DB1EB33A9100B35354 /* PBXTargetDependency */ = {
			isa = PBXTargetDependency;
			target = 3363E6BC1EB33A9100B35354 /* FoodList */;
			targetProxy = 3363E6DA1EB33A9100B35354 /* PBXContainerItemProxy */;
		};
/* End PBXTargetDependency section */

/* Begin PBXVariantGroup section */
		3363E6CD1EB33A9100B35354 /* Main.storyboard */ = {
			isa = PBXVariantGroup;
			children = (
				3363E6CE1EB33A9100B35354 /* Base */,
			);
			name = Main.storyboard;
			sourceTree = "<group>";
		};
		3363E6D21EB33A9100B35354 /* LaunchScreen.xib */ = {
			isa = PBXVariantGroup;
			children = (
				3363E6D31EB33A9100B35354 /* Base */,
			);
			name = LaunchScreen.xib;
			sourceTree = "<group>";
		};
/* End PBXVariantGroup section */

/* Begin XCBuildConfiguration section */
		3363E6E11EB33A9100B35354 /* Debug */ = {
			isa = XCBuildConfiguration;
			buildSettings = {
				ALWAYS_SEARCH_USER_PATHS = NO;
				CLANG_CXX_LANGUAGE_STANDARD = "gnu++0x";
				CLANG_CXX_LIBRARY = "libc++";
				CLANG_ENABLE_MODULES = YES;
				CLANG_ENABLE_OBJC_ARC = YES;
				CLANG_WARN_BOOL_CONVERSION = YES;
				CLANG_WARN_CONSTANT_CONVERSION = YES;
				CLANG_WARN_DIRECT_OBJC_ISA_USAGE = YES_ERROR;
				CLANG_WARN_EMPTY_BODY = YES;
				CLANG_WARN_ENUM_CONVERSION = YES;
				CLANG_WARN_INT_CONVERSION = YES;
				CLANG_WARN_OBJC_ROOT_CLASS = YES_ERROR;
				CLANG_WARN_UNREACHABLE_CODE = YES;
				CLANG_WARN__DUPLICATE_METHOD_MATCH = YES;
				"CODE_SIGN_IDENTITY[sdk=iphoneos*]" = "iPhone Developer";
				COPY_PHASE_STRIP = NO;
				DEBUG_INFORMATION_FORMAT = "dwarf-with-dsym";
				ENABLE_STRICT_OBJC_MSGSEND = YES;
				GCC_C_LANGUAGE_STANDARD = gnu99;
				GCC_DYNAMIC_NO_PIC = NO;
				GCC_NO_COMMON_BLOCKS = YES;
				GCC_OPTIMIZATION_LEVEL = 0;
				GCC_PREPROCESSOR_DEFINITIONS = (
					"DEBUG=1",
					"$(inherited)",
				);
				GCC_SYMBOLS_PRIVATE_EXTERN = NO;
				GCC_WARN_64_TO_32_BIT_CONVERSION = YES;
				GCC_WARN_ABOUT_RETURN_TYPE = YES_ERROR;
				GCC_WARN_UNDECLARED_SELECTOR = YES;
				GCC_WARN_UNINITIALIZED_AUTOS = YES_AGGRESSIVE;
				GCC_WARN_UNUSED_FUNCTION = YES;
				GCC_WARN_UNUSED_VARIABLE = YES;
				IPHONEOS_DEPLOYMENT_TARGET = 8.3;
				MTL_ENABLE_DEBUG_INFO = YES;
				ONLY_ACTIVE_ARCH = YES;
				SDKROOT = iphoneos;
			};
			name = Debug;
		};
		3363E6E21EB33A9100B35354 /* Release */ = {
			isa = XCBuildConfiguration;
			buildSettings = {
				ALWAYS_SEARCH_USER_PATHS = NO;
				CLANG_CXX_LANGUAGE_STANDARD = "gnu++0x";
				CLANG_CXX_LIBRARY = "libc++";
				CLANG_ENABLE_MODULES = YES;
				CLANG_ENABLE_OBJC_ARC = YES;
				CLANG_WARN_BOOL_CONVERSION = YES;
				CLANG_WARN_CONSTANT_CONVERSION = YES;
				CLANG_WARN_DIRECT_OBJC_ISA_USAGE = YES_ERROR;
				CLANG_WARN_EMPTY_BODY = YES;
				CLANG_WARN_ENUM_CONVERSION = YES;
				CLANG_WARN_INT_CONVERSION = YES;
				CLANG_WARN_OBJC_ROOT_CLASS = YES_ERROR;
				CLANG_WARN_UNREACHABLE_CODE = YES;
				CLANG_WARN__DUPLICATE_METHOD_MATCH = YES;
				"CODE_SIGN_IDENTITY[sdk=iphoneos*]" = "iPhone Developer";
				COPY_PHASE_STRIP = NO;
				DEBUG_INFORMATION_FORMAT = "dwarf-with-dsym";
				ENABLE_NS_ASSERTIONS = NO;
				ENABLE_STRICT_OBJC_MSGSEND = YES;
				GCC_C_LANGUAGE_STANDARD = gnu99;
				GCC_NO_COMMON_BLOCKS = YES;
				GCC_WARN_64_TO_32_BIT_CONVERSION = YES;
				GCC_WARN_ABOUT_RETURN_TYPE = YES_ERROR;
				GCC_WARN_UNDECLARED_SELECTOR = YES;
				GCC_WARN_UNINITIALIZED_AUTOS = YES_AGGRESSIVE;
				GCC_WARN_UNUSED_FUNCTION = YES;
				GCC_WARN_UNUSED_VARIABLE = YES;
				IPHONEOS_DEPLOYMENT_TARGET = 8.3;
				MTL_ENABLE_DEBUG_INFO = NO;
				SDKROOT = iphoneos;
				VALIDATE_PRODUCT = YES;
			};
			name = Release;
		};
		3363E6E41EB33A9100B35354 /* Debug */ = {
			isa = XCBuildConfiguration;
			baseConfigurationReference = AE87C2FF6E01AEB4D6ABA002 /* Pods-FoodList.debug.xcconfig */;
			buildSettings = {
				ASSETCATALOG_COMPILER_APPICON_NAME = AppIcon;
				GCC_PRECOMPILE_PREFIX_HEADER = YES;
				GCC_PREFIX_HEADER = "$(SRCROOT)/pp.pch";
				INFOPLIST_FILE = FoodList/Info.plist;
				LD_RUNPATH_SEARCH_PATHS = "$(inherited) @executable_path/Frameworks";
				PRODUCT_NAME = "$(TARGET_NAME)";
			};
			name = Debug;
		};
		3363E6E51EB33A9100B35354 /* Release */ = {
			isa = XCBuildConfiguration;
			baseConfigurationReference = 3DDDE2AEFE4A684DC8D320F7 /* Pods-FoodList.release.xcconfig */;
			buildSettings = {
				ASSETCATALOG_COMPILER_APPICON_NAME = AppIcon;
				GCC_PRECOMPILE_PREFIX_HEADER = YES;
				GCC_PREFIX_HEADER = "$(SRCROOT)/pp.pch";
				INFOPLIST_FILE = FoodList/Info.plist;
				LD_RUNPATH_SEARCH_PATHS = "$(inherited) @executable_path/Frameworks";
				PRODUCT_NAME = "$(TARGET_NAME)";
			};
			name = Release;
		};
		3363E6E71EB33A9100B35354 /* Debug */ = {
			isa = XCBuildConfiguration;
			buildSettings = {
				BUNDLE_LOADER = "$(TEST_HOST)";
				FRAMEWORK_SEARCH_PATHS = (
					"$(SDKROOT)/Developer/Library/Frameworks",
					"$(inherited)",
				);
				GCC_PREPROCESSOR_DEFINITIONS = (
					"DEBUG=1",
					"$(inherited)",
				);
				INFOPLIST_FILE = FoodListTests/Info.plist;
				LD_RUNPATH_SEARCH_PATHS = "$(inherited) @executable_path/Frameworks @loader_path/Frameworks";
				PRODUCT_NAME = "$(TARGET_NAME)";
				TEST_HOST = "$(BUILT_PRODUCTS_DIR)/FoodList.app/FoodList";
			};
			name = Debug;
		};
		3363E6E81EB33A9100B35354 /* Release */ = {
			isa = XCBuildConfiguration;
			buildSettings = {
				BUNDLE_LOADER = "$(TEST_HOST)";
				FRAMEWORK_SEARCH_PATHS = (
					"$(SDKROOT)/Developer/Library/Frameworks",
					"$(inherited)",
				);
				INFOPLIST_FILE = FoodListTests/Info.plist;
				LD_RUNPATH_SEARCH_PATHS = "$(inherited) @executable_path/Frameworks @loader_path/Frameworks";
				PRODUCT_NAME = "$(TARGET_NAME)";
				TEST_HOST = "$(BUILT_PRODUCTS_DIR)/FoodList.app/FoodList";
			};
			name = Release;
		};
/* End XCBuildConfiguration section */

/* Begin XCConfigurationList section */
		3363E6B81EB33A9100B35354 /* Build configuration list for PBXProject "FoodList" */ = {
			isa = XCConfigurationList;
			buildConfigurations = (
				3363E6E11EB33A9100B35354 /* Debug */,
				3363E6E21EB33A9100B35354 /* Release */,
			);
			defaultConfigurationIsVisible = 0;
			defaultConfigurationName = Release;
		};
		3363E6E31EB33A9100B35354 /* Build configuration list for PBXNativeTarget "FoodList" */ = {
			isa = XCConfigurationList;
			buildConfigurations = (
				3363E6E41EB33A9100B35354 /* Debug */,
				3363E6E51EB33A9100B35354 /* Release */,
			);
			defaultConfigurationIsVisible = 0;
			defaultConfigurationName = Release;
		};
		3363E6E61EB33A9100B35354 /* Build configuration list for PBXNativeTarget "FoodListTests" */ = {
			isa = XCConfigurationList;
			buildConfigurations = (
				3363E6E71EB33A9100B35354 /* Debug */,
				3363E6E81EB33A9100B35354 /* Release */,
			);
			defaultConfigurationIsVisible = 0;
			defaultConfigurationName = Release;
		};
/* End XCConfigurationList section */
	};
	rootObject = 3363E6B51EB33A9100B35354 /* Project object */;
}
